
Microsoft Visual Studio Solution File, Format Version 12.00
# Visual Studio 15
VisualStudioVersion = 15.0.27428.2011
MinimumVisualStudioVersion = 10.0.40219.1
Project("{FAE04EC0-301F-11D3-BF4B-00C04F79EFBC}") = "TrxParser", "TrxParser\TrxParser.csproj", "{7D854A35-49C2-4750-A825-2ABB5BEFD49B}"
EndProject
Global
	GlobalSection(SolutionConfigurationPlatforms) = preSolution
		Debug|Any CPU = Debug|Any CPU
		Release|Any CPU = Release|Any CPU
	EndGlobalSection
	GlobalSection(ProjectConfigurationPlatforms) = postSolution
		{7D854A35-49C2-4750-A825-2ABB5BEFD49B}.Debug|Any CPU.ActiveCfg = Debug|Any CPU
		{7D854A35-49C2-4750-A825-2ABB5BEFD49B}.Debug|Any CPU.Build.0 = Debug|Any CPU
		{7D854A35-49C2-4750-A825-2ABB5BEFD49B}.Release|Any CPU.ActiveCfg = Release|Any CPU
		{7D854A35-49C2-4750-A825-2ABB5BEFD49B}.Release|Any CPU.Build.0 = Release|Any CPU
	EndGlobalSection
	GlobalSection(SolutionProperties) = preSolution
		HideSolutionNode = FALSE
	EndGlobalSection
	GlobalSection(ExtensibilityGlobals) = postSolution
		SolutionGuid = {650583E8-4BD4-436C-9E11-BAEB6582A78F}
	EndGlobalSection
EndGlobal
